
Microsoft Visual Studio Solution File, Format Version 12.00
# Visual Studio Version 16
VisualStudioVersion = 16.0.29905.134
MinimumVisualStudioVersion = 10.0.40219.1
Project("{FAE04EC0-301F-11D3-BF4B-00C04F79EFBC}") = "Game", "Game\Game.csproj", "{88134C2E-3B3B-4A57-A78C-0674B155F0CA}"
EndProject
Global
	GlobalSection(SolutionConfigurationPlatforms) = preSolution
		Debug|Any CPU = Debug|Any CPU
		Release|Any CPU = Release|Any CPU
	EndGlobalSection
	GlobalSection(ProjectConfigurationPlatforms) = postSolution
		{88134C2E-3B3B-4A57-A78C-0674B155F0CA}.Debug|Any CPU.ActiveCfg = Debug|Any CPU
		{88134C2E-3B3B-4A57-A78C-0674B155F0CA}.Debug|Any CPU.Build.0 = Debug|Any CPU
		{88134C2E-3B3B-4A57-A78C-0674B155F0CA}.Release|Any CPU.ActiveCfg = Release|Any CPU
		{88134C2E-3B3B-4A57-A78C-0674B155F0CA}.Release|Any CPU.Build.0 = Release|Any CPU
	EndGlobalSection
	GlobalSection(SolutionProperties) = preSolution
		HideSolutionNode = FALSE
	EndGlobalSection
	GlobalSection(ExtensibilityGlobals) = postSolution
		SolutionGuid = {E7C1B1C5-6AAF-491D-8DAE-99630C10A791}
	EndGlobalSection
EndGlobal
