
Microsoft Visual Studio Solution File, Format Version 12.00
# Visual Studio Version 16
VisualStudioVersion = 16.0.29905.134
MinimumVisualStudioVersion = 10.0.40219.1
Project("{FAE04EC0-301F-11D3-BF4B-00C04F79EFBC}") = "Dialogi", "Dialogi\Dialogi.csproj", "{7DD0CCFB-D05B-4DFB-8C21-63536F22FACE}"
EndProject
Global
	GlobalSection(SolutionConfigurationPlatforms) = preSolution
		Debug|Any CPU = Debug|Any CPU
		Release|Any CPU = Release|Any CPU
	EndGlobalSection
	GlobalSection(ProjectConfigurationPlatforms) = postSolution
		{7DD0CCFB-D05B-4DFB-8C21-63536F22FACE}.Debug|Any CPU.ActiveCfg = Debug|Any CPU
		{7DD0CCFB-D05B-4DFB-8C21-63536F22FACE}.Debug|Any CPU.Build.0 = Debug|Any CPU
		{7DD0CCFB-D05B-4DFB-8C21-63536F22FACE}.Release|Any CPU.ActiveCfg = Release|Any CPU
		{7DD0CCFB-D05B-4DFB-8C21-63536F22FACE}.Release|Any CPU.Build.0 = Release|Any CPU
	EndGlobalSection
	GlobalSection(SolutionProperties) = preSolution
		HideSolutionNode = FALSE
	EndGlobalSection
	GlobalSection(ExtensibilityGlobals) = postSolution
		SolutionGuid = {86045FC9-B598-4E9F-8BFA-97BFFE1CFE9B}
	EndGlobalSection
EndGlobal
